
Microsoft Visual Studio Solution File, Format Version 12.00
# Visual Studio Version 16
VisualStudioVersion = 16.0.30907.101
MinimumVisualStudioVersion = 10.0.40219.1
Project("{9A19103F-16F7-4668-BE54-9A1E7A4F7556}") = "moment1_razorpage", "moment1_razorpage.csproj", "{614EE8F5-AE85-4B89-9AAE-0CFA790836FE}"
EndProject
Global
	GlobalSection(SolutionConfigurationPlatforms) = preSolution
		Debug|Any CPU = Debug|Any CPU
		Release|Any CPU = Release|Any CPU
	EndGlobalSection
	GlobalSection(ProjectConfigurationPlatforms) = postSolution
		{614EE8F5-AE85-4B89-9AAE-0CFA790836FE}.Debug|Any CPU.ActiveCfg = Debug|Any CPU
		{614EE8F5-AE85-4B89-9AAE-0CFA790836FE}.Debug|Any CPU.Build.0 = Debug|Any CPU
		{614EE8F5-AE85-4B89-9AAE-0CFA790836FE}.Release|Any CPU.ActiveCfg = Release|Any CPU
		{614EE8F5-AE85-4B89-9AAE-0CFA790836FE}.Release|Any CPU.Build.0 = Release|Any CPU
	EndGlobalSection
	GlobalSection(SolutionProperties) = preSolution
		HideSolutionNode = FALSE
	EndGlobalSection
	GlobalSection(ExtensibilityGlobals) = postSolution
		SolutionGuid = {63C8D851-4836-4F49-B5B3-CDF1EA77558A}
	EndGlobalSection
EndGlobal
